{
    "name": "macro-tests",
    "lockfileVersion": 3,
    "requires": true,
    "packages": {
        "": {
            "name": "macro-tests",
            "dependencies": {
                "@quenk/dagen-commons": "^0.5.6"
            }
        },
        "node_modules/@quenk/dagen-commons": {
            "version": "0.5.6",
            "resolved": "https://registry.npmjs.org/@quenk/dagen-commons/-/dagen-commons-0.5.6.tgz",
            "integrity": "sha512-LyHpr1pdkmQOcrIyNdRF7Si64Y6aZOmf+wh4bjQpg3ucX0tlSTzqTVjJzxHfYIhUmq4/tVz5By1oed0CJdDMLw==",
            "dependencies": {
                "@quenk/noni": "^1.43.5",
                "docopt": "^0.6.2"
            },
            "bin": {
                "transform": "bin/transform.js"
            }
        },
        "node_modules/@quenk/noni": {
            "version": "1.50.0",
            "resolved": "https://registry.npmjs.org/@quenk/noni/-/noni-1.50.0.tgz",
            "integrity": "sha512-BN+W2yREgUACtZkdwg4noscYdUEkRhJgCx9yv1dcFIpouUDASwu693RlEAt7HvAnHX9zOMh4EdOIvU9pB+eDwg=="
        },
        "node_modules/docopt": {
            "version": "0.6.2",
            "resolved": "https://registry.npmjs.org/docopt/-/docopt-0.6.2.tgz",
            "integrity": "sha512-NqTbaYeE4gA/wU1hdKFdU+AFahpDOpgGLzHP42k6H6DKExJd0A55KEVWYhL9FEmHmgeLvEU2vuKXDuU+4yToOw==",
            "engines": {
                "node": ">=0.10.0"
            }
        }
    }
}
